
Microsoft Visual Studio Solution File, Format Version 12.00
# Visual Studio Version 16
VisualStudioVersion = 16.0.29728.190
MinimumVisualStudioVersion = 10.0.40219.1
Project("{FAE04EC0-301F-11D3-BF4B-00C04F79EFBC}") = "Admin Login Application", "Admin Login Application\Admin Login Application.csproj", "{1641698C-AD81-4548-ADAF-A6D295C2429C}"
EndProject
Project("{FAE04EC0-301F-11D3-BF4B-00C04F79EFBC}") = "MsRepository", "..\Lib\MsRepository\MsRepository.csproj", "{7A73147B-9DCB-4C65-9262-00E4111D7BA9}"
EndProject
Project("{FAE04EC0-301F-11D3-BF4B-00C04F79EFBC}") = "TypeLib", "..\Lib\TypeLib\TypeLib.csproj", "{7962892D-DAA4-4064-8799-F193088E5CC9}"
EndProject
Global
	GlobalSection(SolutionConfigurationPlatforms) = preSolution
		Debug|Any CPU = Debug|Any CPU
		Release|Any CPU = Release|Any CPU
	EndGlobalSection
	GlobalSection(ProjectConfigurationPlatforms) = postSolution
		{1641698C-AD81-4548-ADAF-A6D295C2429C}.Debug|Any CPU.ActiveCfg = Debug|Any CPU
		{1641698C-AD81-4548-ADAF-A6D295C2429C}.Debug|Any CPU.Build.0 = Debug|Any CPU
		{1641698C-AD81-4548-ADAF-A6D295C2429C}.Release|Any CPU.ActiveCfg = Release|Any CPU
		{1641698C-AD81-4548-ADAF-A6D295C2429C}.Release|Any CPU.Build.0 = Release|Any CPU
		{7A73147B-9DCB-4C65-9262-00E4111D7BA9}.Debug|Any CPU.ActiveCfg = Debug|Any CPU
		{7A73147B-9DCB-4C65-9262-00E4111D7BA9}.Debug|Any CPU.Build.0 = Debug|Any CPU
		{7A73147B-9DCB-4C65-9262-00E4111D7BA9}.Release|Any CPU.ActiveCfg = Release|Any CPU
		{7A73147B-9DCB-4C65-9262-00E4111D7BA9}.Release|Any CPU.Build.0 = Release|Any CPU
		{7962892D-DAA4-4064-8799-F193088E5CC9}.Debug|Any CPU.ActiveCfg = Debug|Any CPU
		{7962892D-DAA4-4064-8799-F193088E5CC9}.Debug|Any CPU.Build.0 = Debug|Any CPU
		{7962892D-DAA4-4064-8799-F193088E5CC9}.Release|Any CPU.ActiveCfg = Release|Any CPU
		{7962892D-DAA4-4064-8799-F193088E5CC9}.Release|Any CPU.Build.0 = Release|Any CPU
	EndGlobalSection
	GlobalSection(SolutionProperties) = preSolution
		HideSolutionNode = FALSE
	EndGlobalSection
	GlobalSection(ExtensibilityGlobals) = postSolution
		SolutionGuid = {1F237184-BDA7-4719-9ECD-48285C15FDA0}
	EndGlobalSection
EndGlobal
